
Microsoft Visual Studio Solution File, Format Version 12.00
# Visual Studio 15
VisualStudioVersion = 15.0.28307.1259
MinimumVisualStudioVersion = 10.0.40219.1
Project("{FAE04EC0-301F-11D3-BF4B-00C04F79EFBC}") = "WPF.ListView.XML", "WPF.ListView.XML\WPF.ListView.XML.csproj", "{30DDE363-653D-49F3-9630-95A5B5096066}"
EndProject
Global
	GlobalSection(SolutionConfigurationPlatforms) = preSolution
		Debug|Any CPU = Debug|Any CPU
		Release|Any CPU = Release|Any CPU
	EndGlobalSection
	GlobalSection(ProjectConfigurationPlatforms) = postSolution
		{30DDE363-653D-49F3-9630-95A5B5096066}.Debug|Any CPU.ActiveCfg = Debug|Any CPU
		{30DDE363-653D-49F3-9630-95A5B5096066}.Debug|Any CPU.Build.0 = Debug|Any CPU
		{30DDE363-653D-49F3-9630-95A5B5096066}.Release|Any CPU.ActiveCfg = Release|Any CPU
		{30DDE363-653D-49F3-9630-95A5B5096066}.Release|Any CPU.Build.0 = Release|Any CPU
	EndGlobalSection
	GlobalSection(SolutionProperties) = preSolution
		HideSolutionNode = FALSE
	EndGlobalSection
	GlobalSection(ExtensibilityGlobals) = postSolution
		SolutionGuid = {89093334-AA6D-4700-BBCD-42F7779D7D44}
	EndGlobalSection
EndGlobal
